
Microsoft Visual Studio Solution File, Format Version 12.00
# Visual Studio Version 16
VisualStudioVersion = 16.0.29728.190
MinimumVisualStudioVersion = 10.0.40219.1
Project("{FAE04EC0-301F-11D3-BF4B-00C04F79EFBC}") = "faktoriyel_hesaplama", "faktoriyel_hesaplama\faktoriyel_hesaplama.csproj", "{0ABC5994-E7A9-4454-8A5C-570AB7BC487A}"
EndProject
Global
	GlobalSection(SolutionConfigurationPlatforms) = preSolution
		Debug|Any CPU = Debug|Any CPU
		Release|Any CPU = Release|Any CPU
	EndGlobalSection
	GlobalSection(ProjectConfigurationPlatforms) = postSolution
		{0ABC5994-E7A9-4454-8A5C-570AB7BC487A}.Debug|Any CPU.ActiveCfg = Debug|Any CPU
		{0ABC5994-E7A9-4454-8A5C-570AB7BC487A}.Debug|Any CPU.Build.0 = Debug|Any CPU
		{0ABC5994-E7A9-4454-8A5C-570AB7BC487A}.Release|Any CPU.ActiveCfg = Release|Any CPU
		{0ABC5994-E7A9-4454-8A5C-570AB7BC487A}.Release|Any CPU.Build.0 = Release|Any CPU
	EndGlobalSection
	GlobalSection(SolutionProperties) = preSolution
		HideSolutionNode = FALSE
	EndGlobalSection
	GlobalSection(ExtensibilityGlobals) = postSolution
		SolutionGuid = {5A11591E-5288-4440-A674-1E483762E1E0}
	EndGlobalSection
EndGlobal
